// !$*UTF8*$!
{
	archiveVersion = 1;
	classes = {
	};
	objectVersion = 50;
	objects = {

/* Begin PBXBuildFile section */
		FABEBCC22326DCED00CD024C /* AppDelegate.swift in Sources */ = {isa = PBXBuildFile; fileRef = FABEBCC12326DCED00CD024C /* AppDelegate.swift */; };
		FABEBCC42326DCED00CD024C /* ViewController.swift in Sources */ = {isa = PBXBuildFile; fileRef = FABEBCC32326DCED00CD024C /* ViewController.swift */; };
		FABEBCC72326DCED00CD024C /* Main.storyboard in Resources */ = {isa = PBXBuildFile; fileRef = FABEBCC52326DCED00CD024C /* Main.storyboard */; };
		FABEBCC92326DCEE00CD024C /* Assets.xcassets in Resources */ = {isa = PBXBuildFile; fileRef = FABEBCC82326DCEE00CD024C /* Assets.xcassets */; };
		FABEBCCC2326DCEE00CD024C /* LaunchScreen.storyboard in Resources */ = {isa = PBXBuildFile; fileRef = FABEBCCA2326DCEE00CD024C /* LaunchScreen.storyboard */; };
		FABEBCD72326DCEE00CD024C /* CalculatorTests.swift in Sources */ = {isa = PBXBuildFile; fileRef = FABEBCD62326DCEE00CD024C /* CalculatorTests.swift */; };
		FABEBCE22327FA2C00CD024C /* String+Checks.swift in Sources */ = {isa = PBXBuildFile; fileRef = FABEBCE12327FA2C00CD024C /* String+Checks.swift */; };
		FABEBCE42327FA6000CD024C /* Double+toSimpleNumericString.swift in Sources */ = {isa = PBXBuildFile; fileRef = FABEBCE32327FA6000CD024C /* Double+toSimpleNumericString.swift */; };
		FABEBCE62327FB0000CD024C /* ArithmeticExpression.swift in Sources */ = {isa = PBXBuildFile; fileRef = FABEBCE52327FB0000CD024C /* ArithmeticExpression.swift */; };
/* End PBXBuildFile section */

/* Begin PBXContainerItemProxy section */
		FABEBCD32326DCEE00CD024C /* PBXContainerItemProxy */ = {
			isa = PBXContainerItemProxy;
			containerPortal = FABEBCB62326DCED00CD024C /* Project object */;
			proxyType = 1;
			remoteGlobalIDString = FABEBCBD2326DCED00CD024C;
			remoteInfo = Calculator;
		};
/* End PBXContainerItemProxy section */

/* Begin PBXFileReference section */
		FABEBCBE2326DCED00CD024C /* Calculator.app */ = {isa = PBXFileReference; explicitFileType = wrapper.application; includeInIndex = 0; path = Calculator.app; sourceTree = BUILT_PRODUCTS_DIR; };
		FABEBCC12326DCED00CD024C /* AppDelegate.swift */ = {isa = PBXFileReference; lastKnownFileType = sourcecode.swift; path = AppDelegate.swift; sourceTree = "<group>"; };
		FABEBCC32326DCED00CD024C /* ViewController.swift */ = {isa = PBXFileReference; lastKnownFileType = sourcecode.swift; path = ViewController.swift; sourceTree = "<group>"; };
		FABEBCC62326DCED00CD024C /* Base */ = {isa = PBXFileReference; lastKnownFileType = file.storyboard; name = Base; path = Base.lproj/Main.storyboard; sourceTree = "<group>"; };
		FABEBCC82326DCEE00CD024C /* Assets.xcassets */ = {isa = PBXFileReference; lastKnownFileType = folder.assetcatalog; path = Assets.xcassets; sourceTree = "<group>"; };
		FABEBCCB2326DCEE00CD024C /* Base */ = {isa = PBXFileReference; lastKnownFileType = file.storyboard; name = Base; path = Base.lproj/LaunchScreen.storyboard; sourceTree = "<group>"; };
		FABEBCCD2326DCEE00CD024C /* Info.plist */ = {isa = PBXFileReference; lastKnownFileType = text.plist.xml; path = Info.plist; sourceTree = "<group>"; };
		FABEBCD22326DCEE00CD024C /* CalculatorTests.xctest */ = {isa = PBXFileReference; explicitFileType = wrapper.cfbundle; includeInIndex = 0; path = CalculatorTests.xctest; sourceTree = BUILT_PRODUCTS_DIR; };
		FABEBCD62326DCEE00CD024C /* CalculatorTests.swift */ = {isa = PBXFileReference; lastKnownFileType = sourcecode.swift; path = CalculatorTests.swift; sourceTree = "<group>"; };
		FABEBCD82326DCEE00CD024C /* Info.plist */ = {isa = PBXFileReference; lastKnownFileType = text.plist.xml; path = Info.plist; sourceTree = "<group>"; };
		FABEBCE12327FA2C00CD024C /* String+Checks.swift */ = {isa = PBXFileReference; lastKnownFileType = sourcecode.swift; path = "String+Checks.swift"; sourceTree = "<group>"; };
		FABEBCE32327FA6000CD024C /* Double+toSimpleNumericString.swift */ = {isa = PBXFileReference; lastKnownFileType = sourcecode.swift; path = "Double+toSimpleNumericString.swift"; sourceTree = "<group>"; };
		FABEBCE52327FB0000CD024C /* ArithmeticExpression.swift */ = {isa = PBXFileReference; lastKnownFileType = sourcecode.swift; path = ArithmeticExpression.swift; sourceTree = "<group>"; };
/* End PBXFileReference section */

/* Begin PBXFrameworksBuildPhase section */
		FABEBCBB2326DCED00CD024C /* Frameworks */ = {
			isa = PBXFrameworksBuildPhase;
			buildActionMask = 2147483647;
			files = (
			);
			runOnlyForDeploymentPostprocessing = 0;
		};
		FABEBCCF2326DCEE00CD024C /* Frameworks */ = {
			isa = PBXFrameworksBuildPhase;
			buildActionMask = 2147483647;
			files = (
			);
			runOnlyForDeploymentPostprocessing = 0;
		};
/* End PBXFrameworksBuildPhase section */

/* Begin PBXGroup section */
		FABEBCB52326DCED00CD024C = {
			isa = PBXGroup;
			children = (
				FABEBCC02326DCED00CD024C /* Calculator */,
				FABEBCD52326DCEE00CD024C /* CalculatorTests */,
				FABEBCBF2326DCED00CD024C /* Products */,
			);
			sourceTree = "<group>";
		};
		FABEBCBF2326DCED00CD024C /* Products */ = {
			isa = PBXGroup;
			children = (
				FABEBCBE2326DCED00CD024C /* Calculator.app */,
				FABEBCD22326DCEE00CD024C /* CalculatorTests.xctest */,
			);
			name = Products;
			sourceTree = "<group>";
		};
		FABEBCC02326DCED00CD024C /* Calculator */ = {
			isa = PBXGroup;
			children = (
				FABEBCC12326DCED00CD024C /* AppDelegate.swift */,
				FABEBCC32326DCED00CD024C /* ViewController.swift */,
				FABEBCE52327FB0000CD024C /* ArithmeticExpression.swift */,
				FABEBCE32327FA6000CD024C /* Double+toSimpleNumericString.swift */,
				FABEBCC52326DCED00CD024C /* Main.storyboard */,
				FABEBCC82326DCEE00CD024C /* Assets.xcassets */,
				FABEBCCA2326DCEE00CD024C /* LaunchScreen.storyboard */,
				FABEBCCD2326DCEE00CD024C /* Info.plist */,
				FABEBCE12327FA2C00CD024C /* String+Checks.swift */,
			);
			path = Calculator;
			sourceTree = "<group>";
		};
		FABEBCD52326DCEE00CD024C /* CalculatorTests */ = {
			isa = PBXGroup;
			children = (
				FABEBCD62326DCEE00CD024C /* CalculatorTests.swift */,
				FABEBCD82326DCEE00CD024C /* Info.plist */,
			);
			path = CalculatorTests;
			sourceTree = "<group>";
		};
/* End PBXGroup section */

/* Begin PBXNativeTarget section */
		FABEBCBD2326DCED00CD024C /* Calculator */ = {
			isa = PBXNativeTarget;
			buildConfigurationList = FABEBCDB2326DCEF00CD024C /* Build configuration list for PBXNativeTarget "Calculator" */;
			buildPhases = (
				FABEBCBA2326DCED00CD024C /* Sources */,
				FABEBCBB2326DCED00CD024C /* Frameworks */,
				FABEBCBC2326DCED00CD024C /* Resources */,
			);
			buildRules = (
			);
			dependencies = (
			);
			name = Calculator;
			productName = Calculator;
			productReference = FABEBCBE2326DCED00CD024C /* Calculator.app */;
			productType = "com.apple.product-type.application";
		};
		FABEBCD12326DCEE00CD024C /* CalculatorTests */ = {
			isa = PBXNativeTarget;
			buildConfigurationList = FABEBCDE2326DCEF00CD024C /* Build configuration list for PBXNativeTarget "CalculatorTests" */;
			buildPhases = (
				FABEBCCE2326DCEE00CD024C /* Sources */,
				FABEBCCF2326DCEE00CD024C /* Frameworks */,
				FABEBCD02326DCEE00CD024C /* Resources */,
			);
			buildRules = (
			);
			dependencies = (
				FABEBCD42326DCEE00CD024C /* PBXTargetDependency */,
			);
			name = CalculatorTests;
			productName = CalculatorTests;
			productReference = FABEBCD22326DCEE00CD024C /* CalculatorTests.xctest */;
			productType = "com.apple.product-type.bundle.unit-test";
		};
/* End PBXNativeTarget section */

/* Begin PBXProject section */
		FABEBCB62326DCED00CD024C /* Project object */ = {
			isa = PBXProject;
			attributes = {
				LastSwiftUpdateCheck = 1030;
				LastUpgradeCheck = 1030;
				ORGANIZATIONNAME = "Alexander Mueller";
				TargetAttributes = {
					FABEBCBD2326DCED00CD024C = {
						CreatedOnToolsVersion = 10.3;
					};
					FABEBCD12326DCEE00CD024C = {
						CreatedOnToolsVersion = 10.3;
						TestTargetID = FABEBCBD2326DCED00CD024C;
					};
				};
			};
			buildConfigurationList = FABEBCB92326DCED00CD024C /* Build configuration list for PBXProject "Calculator" */;
			compatibilityVersion = "Xcode 9.3";
			developmentRegion = en;
			hasScannedForEncodings = 0;
			knownRegions = (
				en,
				Base,
			);
			mainGroup = FABEBCB52326DCED00CD024C;
			productRefGroup = FABEBCBF2326DCED00CD024C /* Products */;
			projectDirPath = "";
			projectRoot = "";
			targets = (
				FABEBCBD2326DCED00CD024C /* Calculator */,
				FABEBCD12326DCEE00CD024C /* CalculatorTests */,
			);
		};
/* End PBXProject section */

/* Begin PBXResourcesBuildPhase section */
		FABEBCBC2326DCED00CD024C /* Resources */ = {
			isa = PBXResourcesBuildPhase;
			buildActionMask = 2147483647;
			files = (
				FABEBCCC2326DCEE00CD024C /* LaunchScreen.storyboard in Resources */,
				FABEBCC92326DCEE00CD024C /* Assets.xcassets in Resources */,
				FABEBCC72326DCED00CD024C /* Main.storyboard in Resources */,
			);
			runOnlyForDeploymentPostprocessing = 0;
		};
		FABEBCD02326DCEE00CD024C /* Resources */ = {
			isa = PBXResourcesBuildPhase;
			buildActionMask = 2147483647;
			files = (
			);
			runOnlyForDeploymentPostprocessing = 0;
		};
/* End PBXResourcesBuildPhase section */

/* Begin PBXSourcesBuildPhase section */
		FABEBCBA2326DCED00CD024C /* Sources */ = {
			isa = PBXSourcesBuildPhase;
			buildActionMask = 2147483647;
			files = (
				FABEBCE62327FB0000CD024C /* ArithmeticExpression.swift in Sources */,
				FABEBCE42327FA6000CD024C /* Double+toSimpleNumericString.swift in Sources */,
				FABEBCC42326DCED00CD024C /* ViewController.swift in Sources */,
				FABEBCE22327FA2C00CD024C /* String+Checks.swift in Sources */,
				FABEBCC22326DCED00CD024C /* AppDelegate.swift in Sources */,
			);
			runOnlyForDeploymentPostprocessing = 0;
		};
		FABEBCCE2326DCEE00CD024C /* Sources */ = {
			isa = PBXSourcesBuildPhase;
			buildActionMask = 2147483647;
			files = (
				FABEBCD72326DCEE00CD024C /* CalculatorTests.swift in Sources */,
			);
			runOnlyForDeploymentPostprocessing = 0;
		};
/* End PBXSourcesBuildPhase section */

/* Begin PBXTargetDependency section */
		FABEBCD42326DCEE00CD024C /* PBXTargetDependency */ = {
			isa = PBXTargetDependency;
			target = FABEBCBD2326DCED00CD024C /* Calculator */;
			targetProxy = FABEBCD32326DCEE00CD024C /* PBXContainerItemProxy */;
		};
/* End PBXTargetDependency section */

/* Begin PBXVariantGroup section */
		FABEBCC52326DCED00CD024C /* Main.storyboard */ = {
			isa = PBXVariantGroup;
			children = (
				FABEBCC62326DCED00CD024C /* Base */,
			);
			name = Main.storyboard;
			sourceTree = "<group>";
		};
		FABEBCCA2326DCEE00CD024C /* LaunchScreen.storyboard */ = {
			isa = PBXVariantGroup;
			children = (
				FABEBCCB2326DCEE00CD024C /* Base */,
			);
			name = LaunchScreen.storyboard;
			sourceTree = "<group>";
		};
/* End PBXVariantGroup section */

/* Begin XCBuildConfiguration section */
		FABEBCD92326DCEE00CD024C /* Debug */ = {
			isa = XCBuildConfiguration;
			buildSettings = {
				ALWAYS_SEARCH_USER_PATHS = NO;
				CLANG_ANALYZER_NONNULL = YES;
				CLANG_ANALYZER_NUMBER_OBJECT_CONVERSION = YES_AGGRESSIVE;
				CLANG_CXX_LANGUAGE_STANDARD = "gnu++14";
				CLANG_CXX_LIBRARY = "libc++";
				CLANG_ENABLE_MODULES = YES;
				CLANG_ENABLE_OBJC_ARC = YES;
				CLANG_ENABLE_OBJC_WEAK = YES;
				CLANG_WARN_BLOCK_CAPTURE_AUTORELEASING = YES;
				CLANG_WARN_BOOL_CONVERSION = YES;
				CLANG_WARN_COMMA = YES;
				CLANG_WARN_CONSTANT_CONVERSION = YES;
				CLANG_WARN_DEPRECATED_OBJC_IMPLEMENTATIONS = YES;
				CLANG_WARN_DIRECT_OBJC_ISA_USAGE = YES_ERROR;
				CLANG_WARN_DOCUMENTATION_COMMENTS = YES;
				CLANG_WARN_EMPTY_BODY = YES;
				CLANG_WARN_ENUM_CONVERSION = YES;
				CLANG_WARN_INFINITE_RECURSION = YES;
				CLANG_WARN_INT_CONVERSION = YES;
				CLANG_WARN_NON_LITERAL_NULL_CONVERSION = YES;
				CLANG_WARN_OBJC_IMPLICIT_RETAIN_SELF = YES;
				CLANG_WARN_OBJC_LITERAL_CONVERSION = YES;
				CLANG_WARN_OBJC_ROOT_CLASS = YES_ERROR;
				CLANG_WARN_RANGE_LOOP_ANALYSIS = YES;
				CLANG_WARN_STRICT_PROTOTYPES = YES;
				CLANG_WARN_SUSPICIOUS_MOVE = YES;
				CLANG_WARN_UNGUARDED_AVAILABILITY = YES_AGGRESSIVE;
				CLANG_WARN_UNREACHABLE_CODE = YES;
				CLANG_WARN__DUPLICATE_METHOD_MATCH = YES;
				CODE_SIGN_IDENTITY = "iPhone Developer";
				COPY_PHASE_STRIP = NO;
				DEBUG_INFORMATION_FORMAT = dwarf;
				ENABLE_STRICT_OBJC_MSGSEND = YES;
				ENABLE_TESTABILITY = YES;
				GCC_C_LANGUAGE_STANDARD = gnu11;
				GCC_DYNAMIC_NO_PIC = NO;
				GCC_NO_COMMON_BLOCKS = YES;
				GCC_OPTIMIZATION_LEVEL = 0;
				GCC_PREPROCESSOR_DEFINITIONS = (
					"DEBUG=1",
					"$(inherited)",
				);
				GCC_WARN_64_TO_32_BIT_CONVERSION = YES;
				GCC_WARN_ABOUT_RETURN_TYPE = YES_ERROR;
				GCC_WARN_UNDECLARED_SELECTOR = YES;
				GCC_WARN_UNINITIALIZED_AUTOS = YES_AGGRESSIVE;
				GCC_WARN_UNUSED_FUNCTION = YES;
				GCC_WARN_UNUSED_VARIABLE = YES;
				IPHONEOS_DEPLOYMENT_TARGET = 12.4;
				MTL_ENABLE_DEBUG_INFO = INCLUDE_SOURCE;
				MTL_FAST_MATH = YES;
				ONLY_ACTIVE_ARCH = YES;
				SDKROOT = iphoneos;
				SWIFT_ACTIVE_COMPILATION_CONDITIONS = DEBUG;
				SWIFT_OPTIMIZATION_LEVEL = "-Onone";
			};
			name = Debug;
		};
		FABEBCDA2326DCEF00CD024C /* Release */ = {
			isa = XCBuildConfiguration;
			buildSettings = {
				ALWAYS_SEARCH_USER_PATHS = NO;
				CLANG_ANALYZER_NONNULL = YES;
				CLANG_ANALYZER_NUMBER_OBJECT_CONVERSION = YES_AGGRESSIVE;
				CLANG_CXX_LANGUAGE_STANDARD = "gnu++14";
				CLANG_CXX_LIBRARY = "libc++";
				CLANG_ENABLE_MODULES = YES;
				CLANG_ENABLE_OBJC_ARC = YES;
				CLANG_ENABLE_OBJC_WEAK = YES;
				CLANG_WARN_BLOCK_CAPTURE_AUTORELEASING = YES;
				CLANG_WARN_BOOL_CONVERSION = YES;
				CLANG_WARN_COMMA = YES;
				CLANG_WARN_CONSTANT_CONVERSION = YES;
				CLANG_WARN_DEPRECATED_OBJC_IMPLEMENTATIONS = YES;
				CLANG_WARN_DIRECT_OBJC_ISA_USAGE = YES_ERROR;
				CLANG_WARN_DOCUMENTATION_COMMENTS = YES;
				CLANG_WARN_EMPTY_BODY = YES;
				CLANG_WARN_ENUM_CONVERSION = YES;
				CLANG_WARN_INFINITE_RECURSION = YES;
				CLANG_WARN_INT_CONVERSION = YES;
				CLANG_WARN_NON_LITERAL_NULL_CONVERSION = YES;
				CLANG_WARN_OBJC_IMPLICIT_RETAIN_SELF = YES;
				CLANG_WARN_OBJC_LITERAL_CONVERSION = YES;
				CLANG_WARN_OBJC_ROOT_CLASS = YES_ERROR;
				CLANG_WARN_RANGE_LOOP_ANALYSIS = YES;
				CLANG_WARN_STRICT_PROTOTYPES = YES;
				CLANG_WARN_SUSPICIOUS_MOVE = YES;
				CLANG_WARN_UNGUARDED_AVAILABILITY = YES_AGGRESSIVE;
				CLANG_WARN_UNREACHABLE_CODE = YES;
				CLANG_WARN__DUPLICATE_METHOD_MATCH = YES;
				CODE_SIGN_IDENTITY = "iPhone Developer";
				COPY_PHASE_STRIP = NO;
				DEBUG_INFORMATION_FORMAT = "dwarf-with-dsym";
				ENABLE_NS_ASSERTIONS = NO;
				ENABLE_STRICT_OBJC_MSGSEND = YES;
				GCC_C_LANGUAGE_STANDARD = gnu11;
				GCC_NO_COMMON_BLOCKS = YES;
				GCC_WARN_64_TO_32_BIT_CONVERSION = YES;
				GCC_WARN_ABOUT_RETURN_TYPE = YES_ERROR;
				GCC_WARN_UNDECLARED_SELECTOR = YES;
				GCC_WARN_UNINITIALIZED_AUTOS = YES_AGGRESSIVE;
				GCC_WARN_UNUSED_FUNCTION = YES;
				GCC_WARN_UNUSED_VARIABLE = YES;
				IPHONEOS_DEPLOYMENT_TARGET = 12.4;
				MTL_ENABLE_DEBUG_INFO = NO;
				MTL_FAST_MATH = YES;
				SDKROOT = iphoneos;
				SWIFT_COMPILATION_MODE = wholemodule;
				SWIFT_OPTIMIZATION_LEVEL = "-O";
				VALIDATE_PRODUCT = YES;
			};
			name = Release;
		};
		FABEBCDC2326DCEF00CD024C /* Debug */ = {
			isa = XCBuildConfiguration;
			buildSettings = {
				ASSETCATALOG_COMPILER_APPICON_NAME = AppIcon;
				CODE_SIGN_STYLE = Automatic;
				INFOPLIST_FILE = Calculator/Info.plist;
				LD_RUNPATH_SEARCH_PATHS = (
					"$(inherited)",
					"@executable_path/Frameworks",
				);
				PRODUCT_BUNDLE_IDENTIFIER = "Alexander-Mueller.Calculator";
				PRODUCT_NAME = "$(TARGET_NAME)";
				SWIFT_VERSION = 5.0;
				TARGETED_DEVICE_FAMILY = "1,2";
			};
			name = Debug;
		};
		FABEBCDD2326DCEF00CD024C /* Release */ = {
			isa = XCBuildConfiguration;
			buildSettings = {
				ASSETCATALOG_COMPILER_APPICON_NAME = AppIcon;
				CODE_SIGN_STYLE = Automatic;
				INFOPLIST_FILE = Calculator/Info.plist;
				LD_RUNPATH_SEARCH_PATHS = (
					"$(inherited)",
					"@executable_path/Frameworks",
				);
				PRODUCT_BUNDLE_IDENTIFIER = "Alexander-Mueller.Calculator";
				PRODUCT_NAME = "$(TARGET_NAME)";
				SWIFT_VERSION = 5.0;
				TARGETED_DEVICE_FAMILY = "1,2";
			};
			name = Release;
		};
		FABEBCDF2326DCEF00CD024C /* Debug */ = {
			isa = XCBuildConfiguration;
			buildSettings = {
				ALWAYS_EMBED_SWIFT_STANDARD_LIBRARIES = YES;
				BUNDLE_LOADER = "$(TEST_HOST)";
				CODE_SIGN_STYLE = Automatic;
				INFOPLIST_FILE = CalculatorTests/Info.plist;
				LD_RUNPATH_SEARCH_PATHS = (
					"$(inherited)",
					"@executable_path/Frameworks",
					"@loader_path/Frameworks",
				);
				PRODUCT_BUNDLE_IDENTIFIER = "Alexander-Mueller.CalculatorTests";
				PRODUCT_NAME = "$(TARGET_NAME)";
				SWIFT_VERSION = 5.0;
				TARGETED_DEVICE_FAMILY = "1,2";
				TEST_HOST = "$(BUILT_PRODUCTS_DIR)/Calculator.app/Calculator";
			};
			name = Debug;
		};
		FABEBCE02326DCEF00CD024C /* Release */ = {
			isa = XCBuildConfiguration;
			buildSettings = {
				ALWAYS_EMBED_SWIFT_STANDARD_LIBRARIES = YES;
				BUNDLE_LOADER = "$(TEST_HOST)";
				CODE_SIGN_STYLE = Automatic;
				INFOPLIST_FILE = CalculatorTests/Info.plist;
				LD_RUNPATH_SEARCH_PATHS = (
					"$(inherited)",
					"@executable_path/Frameworks",
					"@loader_path/Frameworks",
				);
				PRODUCT_BUNDLE_IDENTIFIER = "Alexander-Mueller.CalculatorTests";
				PRODUCT_NAME = "$(TARGET_NAME)";
				SWIFT_VERSION = 5.0;
				TARGETED_DEVICE_FAMILY = "1,2";
				TEST_HOST = "$(BUILT_PRODUCTS_DIR)/Calculator.app/Calculator";
			};
			name = Release;
		};
/* End XCBuildConfiguration section */

/* Begin XCConfigurationList section */
		FABEBCB92326DCED00CD024C /* Build configuration list for PBXProject "Calculator" */ = {
			isa = XCConfigurationList;
			buildConfigurations = (
				FABEBCD92326DCEE00CD024C /* Debug */,
				FABEBCDA2326DCEF00CD024C /* Release */,
			);
			defaultConfigurationIsVisible = 0;
			defaultConfigurationName = Release;
		};
		FABEBCDB2326DCEF00CD024C /* Build configuration list for PBXNativeTarget "Calculator" */ = {
			isa = XCConfigurationList;
			buildConfigurations = (
				FABEBCDC2326DCEF00CD024C /* Debug */,
				FABEBCDD2326DCEF00CD024C /* Release */,
			);
			defaultConfigurationIsVisible = 0;
			defaultConfigurationName = Release;
		};
		FABEBCDE2326DCEF00CD024C /* Build configuration list for PBXNativeTarget "CalculatorTests" */ = {
			isa = XCConfigurationList;
			buildConfigurations = (
				FABEBCDF2326DCEF00CD024C /* Debug */,
				FABEBCE02326DCEF00CD024C /* Release */,
			);
			defaultConfigurationIsVisible = 0;
			defaultConfigurationName = Release;
		};
/* End XCConfigurationList section */
	};
	rootObject = FABEBCB62326DCED00CD024C /* Project object */;
}
